PODS:
  - MusouKit (0.1.0)

DEPENDENCIES:
  - MusouKit (from `../../MusouKit.podspec`)

EXTERNAL SOURCES:
  MusouKit:
    :path: ../../MusouKit.podspec

SPEC CHECKSUMS:
  MusouKit: d110dea51a5f7e447be78ce6ae3faf8fdc848603

PODFILE CHECKSUM: 9c0a0b852c3d118e230234b721c7918c5a0c8fe4

COCOAPODS: 1.1.1
