PODS:
  - MusouKit (0.0.6)

DEPENDENCIES:
  - MusouKit (from `../../MusouKit.podspec`)

EXTERNAL SOURCES:
  MusouKit:
    :path: ../../MusouKit.podspec

SPEC CHECKSUMS:
  MusouKit: 4311fe2ea9d379464f783554fe68a9d281e4e310

PODFILE CHECKSUM: 9c0a0b852c3d118e230234b721c7918c5a0c8fe4

COCOAPODS: 1.1.1
