// !$*UTF8*$!
{
	archiveVersion = 1;
	classes = {
	};
	objectVersion = 46;
	objects = {

/* Begin PBXBuildFile section */
		87217ECC1EC49CC000864944 /* MSCardSwipeView.m in Sources */ = {isa = PBXBuildFile; fileRef = 87217ECB1EC49CC000864944 /* MSCardSwipeView.m */; };
		87AD46361E9B8E3C00C02FF5 /* MusouKit.m in Sources */ = {isa = PBXBuildFile; fileRef = 87AD46351E9B8E3C00C02FF5 /* MusouKit.m */; };
		87AD46371E9B8E3C00C02FF5 /* MusouKit.h in CopyFiles */ = {isa = PBXBuildFile; fileRef = 87AD46341E9B8E3C00C02FF5 /* MusouKit.h */; };
		87AD46431E9B8E9800C02FF5 /* MSAdditions.m in Sources */ = {isa = PBXBuildFile; fileRef = 87AD46421E9B8E9800C02FF5 /* MSAdditions.m */; };
		87AD46461E9B8E9F00C02FF5 /* MSJSONEntity.m in Sources */ = {isa = PBXBuildFile; fileRef = 87AD46451E9B8E9F00C02FF5 /* MSJSONEntity.m */; };
		87AD464B1E9B8EB300C02FF5 /* MSBaseViewController.m in Sources */ = {isa = PBXBuildFile; fileRef = 87AD46481E9B8EB300C02FF5 /* MSBaseViewController.m */; };
		87AD464C1E9B8EB300C02FF5 /* MSCameraController.m in Sources */ = {isa = PBXBuildFile; fileRef = 87AD464A1E9B8EB300C02FF5 /* MSCameraController.m */; };
		87AD464F1E9B8EBA00C02FF5 /* MSQRCodeController.m in Sources */ = {isa = PBXBuildFile; fileRef = 87AD464E1E9B8EBA00C02FF5 /* MSQRCodeController.m */; };
		87AD465E1E9B8F0F00C02FF5 /* MSHUDView.m in Sources */ = {isa = PBXBuildFile; fileRef = 87AD465D1E9B8F0F00C02FF5 /* MSHUDView.m */; };
		87AD46611E9B8F1400C02FF5 /* MSBlockAlertView.m in Sources */ = {isa = PBXBuildFile; fileRef = 87AD46601E9B8F1400C02FF5 /* MSBlockAlertView.m */; };
		87AD46731E9B8F5500C02FF5 /* MSDataSource.m in Sources */ = {isa = PBXBuildFile; fileRef = 87AD46721E9B8F5500C02FF5 /* MSDataSource.m */; };
		87AD46761E9B8F7800C02FF5 /* DLAutoLayout.m in Sources */ = {isa = PBXBuildFile; fileRef = 87AD46751E9B8F7800C02FF5 /* DLAutoLayout.m */; };
		87AD467B1E9B900C00C02FF5 /* MSActionPicker.m in Sources */ = {isa = PBXBuildFile; fileRef = 87AD46781E9B900B00C02FF5 /* MSActionPicker.m */; };
		87AD467C1E9B900C00C02FF5 /* MSActionSheet.m in Sources */ = {isa = PBXBuildFile; fileRef = 87AD467A1E9B900C00C02FF5 /* MSActionSheet.m */; };
		87AD467F1E9B901700C02FF5 /* MSRangeSlider.m in Sources */ = {isa = PBXBuildFile; fileRef = 87AD467E1E9B901700C02FF5 /* MSRangeSlider.m */; };
		87AD46821E9B902900C02FF5 /* MSCellView.m in Sources */ = {isa = PBXBuildFile; fileRef = 87AD46811E9B902900C02FF5 /* MSCellView.m */; };
		87AD46851E9B907400C02FF5 /* MSDownloader.m in Sources */ = {isa = PBXBuildFile; fileRef = 87AD46841E9B907400C02FF5 /* MSDownloader.m */; };
		87AD46881E9B907F00C02FF5 /* MSTaskQueue.m in Sources */ = {isa = PBXBuildFile; fileRef = 87AD46871E9B907F00C02FF5 /* MSTaskQueue.m */; };
		87B1EB0B1EAF23D6007386AD /* MSSimpleHttp.m in Sources */ = {isa = PBXBuildFile; fileRef = 87B1EB0A1EAF23D6007386AD /* MSSimpleHttp.m */; };
		87B548871ED6B17300BFACE5 /* MSSysShare.m in Sources */ = {isa = PBXBuildFile; fileRef = 87B548861ED6B17300BFACE5 /* MSSysShare.m */; };
		87B727431EBA1FBE005D04CF /* MSAutoWebView.m in Sources */ = {isa = PBXBuildFile; fileRef = 87B727421EBA1FBE005D04CF /* MSAutoWebView.m */; };
		87B727471EBA2226005D04CF /* MSTimerButton.m in Sources */ = {isa = PBXBuildFile; fileRef = 87B727461EBA2226005D04CF /* MSTimerButton.m */; };
		87CD79211ECE898000108F20 /* MSHttpRequest.m in Sources */ = {isa = PBXBuildFile; fileRef = 87CD79201ECE898000108F20 /* MSHttpRequest.m */; };
		87CD79291ECEC95800108F20 /* MSSmartTracker.m in Sources */ = {isa = PBXBuildFile; fileRef = 87CD79281ECEC95800108F20 /* MSSmartTracker.m */; };
		87D786EC1EC5A369003B66BB /* MSLogger.m in Sources */ = {isa = PBXBuildFile; fileRef = 87D786EB1EC5A369003B66BB /* MSLogger.m */; };
		87FEFCD21EA8BCF300BE1C9A /* MSImageView.m in Sources */ = {isa = PBXBuildFile; fileRef = 87FEFCD11EA8BCF300BE1C9A /* MSImageView.m */; };
/* End PBXBuildFile section */

/* Begin PBXCopyFilesBuildPhase section */
		87AD462F1E9B8E3C00C02FF5 /* CopyFiles */ = {
			isa = PBXCopyFilesBuildPhase;
			buildActionMask = 2147483647;
			dstPath = "include/$(PRODUCT_NAME)";
			dstSubfolderSpec = 16;
			files = (
				87AD46371E9B8E3C00C02FF5 /* MusouKit.h in CopyFiles */,
			);
			runOnlyForDeploymentPostprocessing = 0;
		};
/* End PBXCopyFilesBuildPhase section */

/* Begin PBXFileReference section */
		87217ECA1EC49CC000864944 /* MSCardSwipeView.h */ = {isa = PBXFileReference; fileEncoding = 4; lastKnownFileType = sourcecode.c.h; path = MSCardSwipeView.h; sourceTree = "<group>"; };
		87217ECB1EC49CC000864944 /* MSCardSwipeView.m */ = {isa = PBXFileReference; fileEncoding = 4; lastKnownFileType = sourcecode.c.objc; path = MSCardSwipeView.m; sourceTree = "<group>"; };
		87AD46311E9B8E3C00C02FF5 /* libMusouKit.a */ = {isa = PBXFileReference; explicitFileType = archive.ar; includeInIndex = 0; path = libMusouKit.a; sourceTree = BUILT_PRODUCTS_DIR; };
		87AD46341E9B8E3C00C02FF5 /* MusouKit.h */ = {isa = PBXFileReference; lastKnownFileType = sourcecode.c.h; path = MusouKit.h; sourceTree = "<group>"; };
		87AD46351E9B8E3C00C02FF5 /* MusouKit.m */ = {isa = PBXFileReference; lastKnownFileType = sourcecode.c.objc; path = MusouKit.m; sourceTree = "<group>"; };
		87AD46411E9B8E9800C02FF5 /* MSAdditions.h */ = {isa = PBXFileReference; fileEncoding = 4; lastKnownFileType = sourcecode.c.h; path = MSAdditions.h; sourceTree = "<group>"; };
		87AD46421E9B8E9800C02FF5 /* MSAdditions.m */ = {isa = PBXFileReference; fileEncoding = 4; lastKnownFileType = sourcecode.c.objc; path = MSAdditions.m; sourceTree = "<group>"; };
		87AD46441E9B8E9F00C02FF5 /* MSJSONEntity.h */ = {isa = PBXFileReference; fileEncoding = 4; lastKnownFileType = sourcecode.c.h; path = MSJSONEntity.h; sourceTree = "<group>"; };
		87AD46451E9B8E9F00C02FF5 /* MSJSONEntity.m */ = {isa = PBXFileReference; fileEncoding = 4; lastKnownFileType = sourcecode.c.objc; path = MSJSONEntity.m; sourceTree = "<group>"; };
		87AD46471E9B8EB300C02FF5 /* MSBaseViewController.h */ = {isa = PBXFileReference; fileEncoding = 4; lastKnownFileType = sourcecode.c.h; path = MSBaseViewController.h; sourceTree = "<group>"; };
		87AD46481E9B8EB300C02FF5 /* MSBaseViewController.m */ = {isa = PBXFileReference; fileEncoding = 4; lastKnownFileType = sourcecode.c.objc; path = MSBaseViewController.m; sourceTree = "<group>"; };
		87AD46491E9B8EB300C02FF5 /* MSCameraController.h */ = {isa = PBXFileReference; fileEncoding = 4; lastKnownFileType = sourcecode.c.h; path = MSCameraController.h; sourceTree = "<group>"; };
		87AD464A1E9B8EB300C02FF5 /* MSCameraController.m */ = {isa = PBXFileReference; fileEncoding = 4; lastKnownFileType = sourcecode.c.objc; path = MSCameraController.m; sourceTree = "<group>"; };
		87AD464D1E9B8EBA00C02FF5 /* MSQRCodeController.h */ = {isa = PBXFileReference; fileEncoding = 4; lastKnownFileType = sourcecode.c.h; path = MSQRCodeController.h; sourceTree = "<group>"; };
		87AD464E1E9B8EBA00C02FF5 /* MSQRCodeController.m */ = {isa = PBXFileReference; fileEncoding = 4; lastKnownFileType = sourcecode.c.objc; path = MSQRCodeController.m; sourceTree = "<group>"; };
		87AD465C1E9B8F0F00C02FF5 /* MSHUDView.h */ = {isa = PBXFileReference; fileEncoding = 4; lastKnownFileType = sourcecode.c.h; path = MSHUDView.h; sourceTree = "<group>"; };
		87AD465D1E9B8F0F00C02FF5 /* MSHUDView.m */ = {isa = PBXFileReference; fileEncoding = 4; lastKnownFileType = sourcecode.c.objc; path = MSHUDView.m; sourceTree = "<group>"; };
		87AD465F1E9B8F1400C02FF5 /* MSBlockAlertView.h */ = {isa = PBXFileReference; fileEncoding = 4; lastKnownFileType = sourcecode.c.h; path = MSBlockAlertView.h; sourceTree = "<group>"; };
		87AD46601E9B8F1400C02FF5 /* MSBlockAlertView.m */ = {isa = PBXFileReference; fileEncoding = 4; lastKnownFileType = sourcecode.c.objc; path = MSBlockAlertView.m; sourceTree = "<group>"; };
		87AD46711E9B8F5500C02FF5 /* MSDataSource.h */ = {isa = PBXFileReference; fileEncoding = 4; lastKnownFileType = sourcecode.c.h; path = MSDataSource.h; sourceTree = "<group>"; };
		87AD46721E9B8F5500C02FF5 /* MSDataSource.m */ = {isa = PBXFileReference; fileEncoding = 4; lastKnownFileType = sourcecode.c.objc; path = MSDataSource.m; sourceTree = "<group>"; };
		87AD46741E9B8F7800C02FF5 /* DLAutoLayout.h */ = {isa = PBXFileReference; fileEncoding = 4; lastKnownFileType = sourcecode.c.h; path = DLAutoLayout.h; sourceTree = "<group>"; };
		87AD46751E9B8F7800C02FF5 /* DLAutoLayout.m */ = {isa = PBXFileReference; fileEncoding = 4; lastKnownFileType = sourcecode.c.objc; path = DLAutoLayout.m; sourceTree = "<group>"; };
		87AD46771E9B900B00C02FF5 /* MSActionPicker.h */ = {isa = PBXFileReference; fileEncoding = 4; lastKnownFileType = sourcecode.c.h; path = MSActionPicker.h; sourceTree = "<group>"; };
		87AD46781E9B900B00C02FF5 /* MSActionPicker.m */ = {isa = PBXFileReference; fileEncoding = 4; lastKnownFileType = sourcecode.c.objc; path = MSActionPicker.m; sourceTree = "<group>"; };
		87AD46791E9B900C00C02FF5 /* MSActionSheet.h */ = {isa = PBXFileReference; fileEncoding = 4; lastKnownFileType = sourcecode.c.h; path = MSActionSheet.h; sourceTree = "<group>"; };
		87AD467A1E9B900C00C02FF5 /* MSActionSheet.m */ = {isa = PBXFileReference; fileEncoding = 4; lastKnownFileType = sourcecode.c.objc; path = MSActionSheet.m; sourceTree = "<group>"; };
		87AD467D1E9B901700C02FF5 /* MSRangeSlider.h */ = {isa = PBXFileReference; fileEncoding = 4; lastKnownFileType = sourcecode.c.h; path = MSRangeSlider.h; sourceTree = "<group>"; };
		87AD467E1E9B901700C02FF5 /* MSRangeSlider.m */ = {isa = PBXFileReference; fileEncoding = 4; lastKnownFileType = sourcecode.c.objc; path = MSRangeSlider.m; sourceTree = "<group>"; };
		87AD46801E9B902900C02FF5 /* MSCellView.h */ = {isa = PBXFileReference; fileEncoding = 4; lastKnownFileType = sourcecode.c.h; path = MSCellView.h; sourceTree = "<group>"; };
		87AD46811E9B902900C02FF5 /* MSCellView.m */ = {isa = PBXFileReference; fileEncoding = 4; lastKnownFileType = sourcecode.c.objc; path = MSCellView.m; sourceTree = "<group>"; };
		87AD46831E9B907400C02FF5 /* MSDownloader.h */ = {isa = PBXFileReference; fileEncoding = 4; lastKnownFileType = sourcecode.c.h; path = MSDownloader.h; sourceTree = "<group>"; };
		87AD46841E9B907400C02FF5 /* MSDownloader.m */ = {isa = PBXFileReference; fileEncoding = 4; lastKnownFileType = sourcecode.c.objc; path = MSDownloader.m; sourceTree = "<group>"; };
		87AD46861E9B907F00C02FF5 /* MSTaskQueue.h */ = {isa = PBXFileReference; fileEncoding = 4; lastKnownFileType = sourcecode.c.h; path = MSTaskQueue.h; sourceTree = "<group>"; };
		87AD46871E9B907F00C02FF5 /* MSTaskQueue.m */ = {isa = PBXFileReference; fileEncoding = 4; lastKnownFileType = sourcecode.c.objc; path = MSTaskQueue.m; sourceTree = "<group>"; };
		87AD46AE1E9E27B000C02FF5 /* CoreLocation.framework */ = {isa = PBXFileReference; lastKnownFileType = wrapper.framework; name = CoreLocation.framework; path = System/Library/Frameworks/CoreLocation.framework; sourceTree = SDKROOT; };
		87B1EB091EAF23D6007386AD /* MSSimpleHttp.h */ = {isa = PBXFileReference; fileEncoding = 4; lastKnownFileType = sourcecode.c.h; path = MSSimpleHttp.h; sourceTree = "<group>"; };
		87B1EB0A1EAF23D6007386AD /* MSSimpleHttp.m */ = {isa = PBXFileReference; fileEncoding = 4; lastKnownFileType = sourcecode.c.objc; path = MSSimpleHttp.m; sourceTree = "<group>"; };
		87B548851ED6B17300BFACE5 /* MSSysShare.h */ = {isa = PBXFileReference; fileEncoding = 4; lastKnownFileType = sourcecode.c.h; path = MSSysShare.h; sourceTree = "<group>"; };
		87B548861ED6B17300BFACE5 /* MSSysShare.m */ = {isa = PBXFileReference; fileEncoding = 4; lastKnownFileType = sourcecode.c.objc; path = MSSysShare.m; sourceTree = "<group>"; };
		87B727411EBA1FBE005D04CF /* MSAutoWebView.h */ = {isa = PBXFileReference; fileEncoding = 4; lastKnownFileType = sourcecode.c.h; path = MSAutoWebView.h; sourceTree = "<group>"; };
		87B727421EBA1FBE005D04CF /* MSAutoWebView.m */ = {isa = PBXFileReference; fileEncoding = 4; lastKnownFileType = sourcecode.c.objc; path = MSAutoWebView.m; sourceTree = "<group>"; };
		87B727451EBA2226005D04CF /* MSTimerButton.h */ = {isa = PBXFileReference; fileEncoding = 4; lastKnownFileType = sourcecode.c.h; path = MSTimerButton.h; sourceTree = "<group>"; };
		87B727461EBA2226005D04CF /* MSTimerButton.m */ = {isa = PBXFileReference; fileEncoding = 4; lastKnownFileType = sourcecode.c.objc; path = MSTimerButton.m; sourceTree = "<group>"; };
		87CD791F1ECE898000108F20 /* MSHttpRequest.h */ = {isa = PBXFileReference; fileEncoding = 4; lastKnownFileType = sourcecode.c.h; path = MSHttpRequest.h; sourceTree = "<group>"; };
		87CD79201ECE898000108F20 /* MSHttpRequest.m */ = {isa = PBXFileReference; fileEncoding = 4; lastKnownFileType = sourcecode.c.objc; path = MSHttpRequest.m; sourceTree = "<group>"; };
		87CD79271ECEC95800108F20 /* MSSmartTracker.h */ = {isa = PBXFileReference; fileEncoding = 4; lastKnownFileType = sourcecode.c.h; path = MSSmartTracker.h; sourceTree = "<group>"; };
		87CD79281ECEC95800108F20 /* MSSmartTracker.m */ = {isa = PBXFileReference; fileEncoding = 4; lastKnownFileType = sourcecode.c.objc; path = MSSmartTracker.m; sourceTree = "<group>"; };
		87D786EA1EC5A369003B66BB /* MSLogger.h */ = {isa = PBXFileReference; fileEncoding = 4; lastKnownFileType = sourcecode.c.h; path = MSLogger.h; sourceTree = "<group>"; };
		87D786EB1EC5A369003B66BB /* MSLogger.m */ = {isa = PBXFileReference; fileEncoding = 4; lastKnownFileType = sourcecode.c.objc; path = MSLogger.m; sourceTree = "<group>"; };
		87FEFCD01EA8BCF300BE1C9A /* MSImageView.h */ = {isa = PBXFileReference; fileEncoding = 4; lastKnownFileType = sourcecode.c.h; path = MSImageView.h; sourceTree = "<group>"; };
		87FEFCD11EA8BCF300BE1C9A /* MSImageView.m */ = {isa = PBXFileReference; fileEncoding = 4; lastKnownFileType = sourcecode.c.objc; path = MSImageView.m; sourceTree = "<group>"; };
/* End PBXFileReference section */

/* Begin PBXFrameworksBuildPhase section */
		87AD462E1E9B8E3C00C02FF5 /* Frameworks */ = {
			isa = PBXFrameworksBuildPhase;
			buildActionMask = 2147483647;
			files = (
			);
			runOnlyForDeploymentPostprocessing = 0;
		};
/* End PBXFrameworksBuildPhase section */

/* Begin PBXGroup section */
		87AD46281E9B8E3C00C02FF5 = {
			isa = PBXGroup;
			children = (
				87AD46331E9B8E3C00C02FF5 /* MusouKit */,
				87AD46321E9B8E3C00C02FF5 /* Products */,
				87AD46AD1E9E27B000C02FF5 /* Frameworks */,
			);
			sourceTree = "<group>";
		};
		87AD46321E9B8E3C00C02FF5 /* Products */ = {
			isa = PBXGroup;
			children = (
				87AD46311E9B8E3C00C02FF5 /* libMusouKit.a */,
			);
			name = Products;
			sourceTree = "<group>";
		};
		87AD46331E9B8E3C00C02FF5 /* MusouKit */ = {
			isa = PBXGroup;
			children = (
				87AD46341E9B8E3C00C02FF5 /* MusouKit.h */,
				87AD46351E9B8E3C00C02FF5 /* MusouKit.m */,
				87AD463D1E9B8E5B00C02FF5 /* Additions */,
				87AD463E1E9B8E5B00C02FF5 /* Controllers */,
				87AD463F1E9B8E5B00C02FF5 /* Utils */,
				87AD46401E9B8E5B00C02FF5 /* Views */,
			);
			path = MusouKit;
			sourceTree = "<group>";
		};
		87AD463D1E9B8E5B00C02FF5 /* Additions */ = {
			isa = PBXGroup;
			children = (
				87AD46441E9B8E9F00C02FF5 /* MSJSONEntity.h */,
				87AD46451E9B8E9F00C02FF5 /* MSJSONEntity.m */,
				87AD46411E9B8E9800C02FF5 /* MSAdditions.h */,
				87AD46421E9B8E9800C02FF5 /* MSAdditions.m */,
				87AD46741E9B8F7800C02FF5 /* DLAutoLayout.h */,
				87AD46751E9B8F7800C02FF5 /* DLAutoLayout.m */,
			);
			path = Additions;
			sourceTree = "<group>";
		};
		87AD463E1E9B8E5B00C02FF5 /* Controllers */ = {
			isa = PBXGroup;
			children = (
				87AD46471E9B8EB300C02FF5 /* MSBaseViewController.h */,
				87AD46481E9B8EB300C02FF5 /* MSBaseViewController.m */,
				87AD46491E9B8EB300C02FF5 /* MSCameraController.h */,
				87AD464A1E9B8EB300C02FF5 /* MSCameraController.m */,
				87AD464D1E9B8EBA00C02FF5 /* MSQRCodeController.h */,
				87AD464E1E9B8EBA00C02FF5 /* MSQRCodeController.m */,
			);
			path = Controllers;
			sourceTree = "<group>";
		};
		87AD463F1E9B8E5B00C02FF5 /* Utils */ = {
			isa = PBXGroup;
			children = (
				87AD46711E9B8F5500C02FF5 /* MSDataSource.h */,
				87AD46721E9B8F5500C02FF5 /* MSDataSource.m */,
				87AD46831E9B907400C02FF5 /* MSDownloader.h */,
				87AD46841E9B907400C02FF5 /* MSDownloader.m */,
				87AD46861E9B907F00C02FF5 /* MSTaskQueue.h */,
				87AD46871E9B907F00C02FF5 /* MSTaskQueue.m */,
				87B1EB091EAF23D6007386AD /* MSSimpleHttp.h */,
				87B1EB0A1EAF23D6007386AD /* MSSimpleHttp.m */,
				87CD791F1ECE898000108F20 /* MSHttpRequest.h */,
				87CD79201ECE898000108F20 /* MSHttpRequest.m */,
				87D786EA1EC5A369003B66BB /* MSLogger.h */,
				87D786EB1EC5A369003B66BB /* MSLogger.m */,
				87CD79271ECEC95800108F20 /* MSSmartTracker.h */,
				87CD79281ECEC95800108F20 /* MSSmartTracker.m */,
				87B548851ED6B17300BFACE5 /* MSSysShare.h */,
				87B548861ED6B17300BFACE5 /* MSSysShare.m */,
			);
			path = Utils;
			sourceTree = "<group>";
		};
		87AD46401E9B8E5B00C02FF5 /* Views */ = {
			isa = PBXGroup;
			children = (
				87AD46771E9B900B00C02FF5 /* MSActionPicker.h */,
				87AD46781E9B900B00C02FF5 /* MSActionPicker.m */,
				87AD46791E9B900C00C02FF5 /* MSActionSheet.h */,
				87AD467A1E9B900C00C02FF5 /* MSActionSheet.m */,
				87217ECA1EC49CC000864944 /* MSCardSwipeView.h */,
				87217ECB1EC49CC000864944 /* MSCardSwipeView.m */,
				87AD467D1E9B901700C02FF5 /* MSRangeSlider.h */,
				87AD467E1E9B901700C02FF5 /* MSRangeSlider.m */,
				87AD465C1E9B8F0F00C02FF5 /* MSHUDView.h */,
				87AD465D1E9B8F0F00C02FF5 /* MSHUDView.m */,
				87AD46801E9B902900C02FF5 /* MSCellView.h */,
				87AD46811E9B902900C02FF5 /* MSCellView.m */,
				87FEFCD01EA8BCF300BE1C9A /* MSImageView.h */,
				87FEFCD11EA8BCF300BE1C9A /* MSImageView.m */,
				87AD465F1E9B8F1400C02FF5 /* MSBlockAlertView.h */,
				87AD46601E9B8F1400C02FF5 /* MSBlockAlertView.m */,
				87B727411EBA1FBE005D04CF /* MSAutoWebView.h */,
				87B727421EBA1FBE005D04CF /* MSAutoWebView.m */,
				87B727451EBA2226005D04CF /* MSTimerButton.h */,
				87B727461EBA2226005D04CF /* MSTimerButton.m */,
			);
			path = Views;
			sourceTree = "<group>";
		};
		87AD46AD1E9E27B000C02FF5 /* Frameworks */ = {
			isa = PBXGroup;
			children = (
				87AD46AE1E9E27B000C02FF5 /* CoreLocation.framework */,
			);
			name = Frameworks;
			sourceTree = "<group>";
		};
/* End PBXGroup section */

/* Begin PBXNativeTarget section */
		87AD46301E9B8E3C00C02FF5 /* MusouKit */ = {
			isa = PBXNativeTarget;
			buildConfigurationList = 87AD463A1E9B8E3C00C02FF5 /* Build configuration list for PBXNativeTarget "MusouKit" */;
			buildPhases = (
				87AD462D1E9B8E3C00C02FF5 /* Sources */,
				87AD462E1E9B8E3C00C02FF5 /* Frameworks */,
				87AD462F1E9B8E3C00C02FF5 /* CopyFiles */,
			);
			buildRules = (
			);
			dependencies = (
			);
			name = MusouKit;
			productName = MusouKit;
			productReference = 87AD46311E9B8E3C00C02FF5 /* libMusouKit.a */;
			productType = "com.apple.product-type.library.static";
		};
/* End PBXNativeTarget section */

/* Begin PBXProject section */
		87AD46291E9B8E3C00C02FF5 /* Project object */ = {
			isa = PBXProject;
			attributes = {
				LastUpgradeCheck = 0810;
				ORGANIZATIONNAME = DANAL;
				TargetAttributes = {
					87AD46301E9B8E3C00C02FF5 = {
						CreatedOnToolsVersion = 8.1;
						ProvisioningStyle = Automatic;
					};
				};
			};
			buildConfigurationList = 87AD462C1E9B8E3C00C02FF5 /* Build configuration list for PBXProject "MusouKit" */;
			compatibilityVersion = "Xcode 3.2";
			developmentRegion = English;
			hasScannedForEncodings = 0;
			knownRegions = (
				en,
			);
			mainGroup = 87AD46281E9B8E3C00C02FF5;
			productRefGroup = 87AD46321E9B8E3C00C02FF5 /* Products */;
			projectDirPath = "";
			projectRoot = "";
			targets = (
				87AD46301E9B8E3C00C02FF5 /* MusouKit */,
			);
		};
/* End PBXProject section */

/* Begin PBXSourcesBuildPhase section */
		87AD462D1E9B8E3C00C02FF5 /* Sources */ = {
			isa = PBXSourcesBuildPhase;
			buildActionMask = 2147483647;
			files = (
				87B727431EBA1FBE005D04CF /* MSAutoWebView.m in Sources */,
				87AD46881E9B907F00C02FF5 /* MSTaskQueue.m in Sources */,
				87AD464C1E9B8EB300C02FF5 /* MSCameraController.m in Sources */,
				87CD79211ECE898000108F20 /* MSHttpRequest.m in Sources */,
				87FEFCD21EA8BCF300BE1C9A /* MSImageView.m in Sources */,
				87B1EB0B1EAF23D6007386AD /* MSSimpleHttp.m in Sources */,
				87D786EC1EC5A369003B66BB /* MSLogger.m in Sources */,
				87AD46731E9B8F5500C02FF5 /* MSDataSource.m in Sources */,
				87B727471EBA2226005D04CF /* MSTimerButton.m in Sources */,
				87AD465E1E9B8F0F00C02FF5 /* MSHUDView.m in Sources */,
				87AD46821E9B902900C02FF5 /* MSCellView.m in Sources */,
				87AD46361E9B8E3C00C02FF5 /* MusouKit.m in Sources */,
				87AD46461E9B8E9F00C02FF5 /* MSJSONEntity.m in Sources */,
				87AD46431E9B8E9800C02FF5 /* MSAdditions.m in Sources */,
				87CD79291ECEC95800108F20 /* MSSmartTracker.m in Sources */,
				87AD46761E9B8F7800C02FF5 /* DLAutoLayout.m in Sources */,
				87AD467C1E9B900C00C02FF5 /* MSActionSheet.m in Sources */,
				87AD467F1E9B901700C02FF5 /* MSRangeSlider.m in Sources */,
				87AD46851E9B907400C02FF5 /* MSDownloader.m in Sources */,
				87AD467B1E9B900C00C02FF5 /* MSActionPicker.m in Sources */,
				87B548871ED6B17300BFACE5 /* MSSysShare.m in Sources */,
				87217ECC1EC49CC000864944 /* MSCardSwipeView.m in Sources */,
				87AD464B1E9B8EB300C02FF5 /* MSBaseViewController.m in Sources */,
				87AD464F1E9B8EBA00C02FF5 /* MSQRCodeController.m in Sources */,
				87AD46611E9B8F1400C02FF5 /* MSBlockAlertView.m in Sources */,
			);
			runOnlyForDeploymentPostprocessing = 0;
		};
/* End PBXSourcesBuildPhase section */

/* Begin XCBuildConfiguration section */
		87AD46381E9B8E3C00C02FF5 /* Debug */ = {
			isa = XCBuildConfiguration;
			buildSettings = {
				ALWAYS_SEARCH_USER_PATHS = NO;
				CLANG_ANALYZER_NONNULL = YES;
				CLANG_CXX_LANGUAGE_STANDARD = "gnu++0x";
				CLANG_CXX_LIBRARY = "libc++";
				CLANG_ENABLE_MODULES = YES;
				CLANG_ENABLE_OBJC_ARC = YES;
				CLANG_WARN_BOOL_CONVERSION = YES;
				CLANG_WARN_CONSTANT_CONVERSION = YES;
				CLANG_WARN_DIRECT_OBJC_ISA_USAGE = YES_ERROR;
				CLANG_WARN_DOCUMENTATION_COMMENTS = YES;
				CLANG_WARN_EMPTY_BODY = YES;
				CLANG_WARN_ENUM_CONVERSION = YES;
				CLANG_WARN_INFINITE_RECURSION = YES;
				CLANG_WARN_INT_CONVERSION = YES;
				CLANG_WARN_OBJC_ROOT_CLASS = YES_ERROR;
				CLANG_WARN_SUSPICIOUS_MOVES = YES;
				CLANG_WARN_UNREACHABLE_CODE = YES;
				CLANG_WARN__DUPLICATE_METHOD_MATCH = YES;
				"CODE_SIGN_IDENTITY[sdk=iphoneos*]" = "iPhone Developer";
				COPY_PHASE_STRIP = NO;
				DEBUG_INFORMATION_FORMAT = dwarf;
				ENABLE_STRICT_OBJC_MSGSEND = YES;
				ENABLE_TESTABILITY = YES;
				GCC_C_LANGUAGE_STANDARD = gnu99;
				GCC_DYNAMIC_NO_PIC = NO;
				GCC_NO_COMMON_BLOCKS = YES;
				GCC_OPTIMIZATION_LEVEL = 0;
				GCC_PREPROCESSOR_DEFINITIONS = (
					"DEBUG=1",
					"$(inherited)",
				);
				GCC_WARN_64_TO_32_BIT_CONVERSION = YES;
				GCC_WARN_ABOUT_RETURN_TYPE = YES_ERROR;
				GCC_WARN_UNDECLARED_SELECTOR = YES;
				GCC_WARN_UNINITIALIZED_AUTOS = YES_AGGRESSIVE;
				GCC_WARN_UNUSED_FUNCTION = YES;
				GCC_WARN_UNUSED_VARIABLE = YES;
				IPHONEOS_DEPLOYMENT_TARGET = 8.0;
				MTL_ENABLE_DEBUG_INFO = YES;
				ONLY_ACTIVE_ARCH = YES;
				SDKROOT = iphoneos;
			};
			name = Debug;
		};
		87AD46391E9B8E3C00C02FF5 /* Release */ = {
			isa = XCBuildConfiguration;
			buildSettings = {
				ALWAYS_SEARCH_USER_PATHS = NO;
				CLANG_ANALYZER_NONNULL = YES;
				CLANG_CXX_LANGUAGE_STANDARD = "gnu++0x";
				CLANG_CXX_LIBRARY = "libc++";
				CLANG_ENABLE_MODULES = YES;
				CLANG_ENABLE_OBJC_ARC = YES;
				CLANG_WARN_BOOL_CONVERSION = YES;
				CLANG_WARN_CONSTANT_CONVERSION = YES;
				CLANG_WARN_DIRECT_OBJC_ISA_USAGE = YES_ERROR;
				CLANG_WARN_DOCUMENTATION_COMMENTS = YES;
				CLANG_WARN_EMPTY_BODY = YES;
				CLANG_WARN_ENUM_CONVERSION = YES;
				CLANG_WARN_INFINITE_RECURSION = YES;
				CLANG_WARN_INT_CONVERSION = YES;
				CLANG_WARN_OBJC_ROOT_CLASS = YES_ERROR;
				CLANG_WARN_SUSPICIOUS_MOVES = YES;
				CLANG_WARN_UNREACHABLE_CODE = YES;
				CLANG_WARN__DUPLICATE_METHOD_MATCH = YES;
				"CODE_SIGN_IDENTITY[sdk=iphoneos*]" = "iPhone Developer";
				COPY_PHASE_STRIP = NO;
				DEBUG_INFORMATION_FORMAT = "dwarf-with-dsym";
				ENABLE_NS_ASSERTIONS = NO;
				ENABLE_STRICT_OBJC_MSGSEND = YES;
				GCC_C_LANGUAGE_STANDARD = gnu99;
				GCC_NO_COMMON_BLOCKS = YES;
				GCC_WARN_64_TO_32_BIT_CONVERSION = YES;
				GCC_WARN_ABOUT_RETURN_TYPE = YES_ERROR;
				GCC_WARN_UNDECLARED_SELECTOR = YES;
				GCC_WARN_UNINITIALIZED_AUTOS = YES_AGGRESSIVE;
				GCC_WARN_UNUSED_FUNCTION = YES;
				GCC_WARN_UNUSED_VARIABLE = YES;
				IPHONEOS_DEPLOYMENT_TARGET = 8.0;
				MTL_ENABLE_DEBUG_INFO = NO;
				SDKROOT = iphoneos;
				VALIDATE_PRODUCT = YES;
			};
			name = Release;
		};
		87AD463B1E9B8E3C00C02FF5 /* Debug */ = {
			isa = XCBuildConfiguration;
			buildSettings = {
				OTHER_LDFLAGS = "-ObjC";
				PRODUCT_NAME = "$(TARGET_NAME)";
				SKIP_INSTALL = YES;
			};
			name = Debug;
		};
		87AD463C1E9B8E3C00C02FF5 /* Release */ = {
			isa = XCBuildConfiguration;
			buildSettings = {
				OTHER_LDFLAGS = "-ObjC";
				PRODUCT_NAME = "$(TARGET_NAME)";
				SKIP_INSTALL = YES;
			};
			name = Release;
		};
/* End XCBuildConfiguration section */

/* Begin XCConfigurationList section */
		87AD462C1E9B8E3C00C02FF5 /* Build configuration list for PBXProject "MusouKit" */ = {
			isa = XCConfigurationList;
			buildConfigurations = (
				87AD46381E9B8E3C00C02FF5 /* Debug */,
				87AD46391E9B8E3C00C02FF5 /* Release */,
			);
			defaultConfigurationIsVisible = 0;
			defaultConfigurationName = Release;
		};
		87AD463A1E9B8E3C00C02FF5 /* Build configuration list for PBXNativeTarget "MusouKit" */ = {
			isa = XCConfigurationList;
			buildConfigurations = (
				87AD463B1E9B8E3C00C02FF5 /* Debug */,
				87AD463C1E9B8E3C00C02FF5 /* Release */,
			);
			defaultConfigurationIsVisible = 0;
			defaultConfigurationName = Release;
		};
/* End XCConfigurationList section */
	};
	rootObject = 87AD46291E9B8E3C00C02FF5 /* Project object */;
}
